// !$*UTF8*$!
{
	archiveVersion = 1;
	classes = {
	};
	objectVersion = 56;
	objects = {

/* Begin PBXBuildFile section */
		3A29DE442C30722200731889 /* AppDelegate.swift in Sources */ = {isa = PBXBuildFile; fileRef = 3A29DE432C30722200731889 /* AppDelegate.swift */; };
		3A29DE462C30722200731889 /* GameScene.sks in Resources */ = {isa = PBXBuildFile; fileRef = 3A29DE452C30722200731889 /* GameScene.sks */; };
		3A29DE482C30722200731889 /* Actions.sks in Resources */ = {isa = PBXBuildFile; fileRef = 3A29DE472C30722200731889 /* Actions.sks */; };
		3A29DE4A2C30722200731889 /* GameScene.swift in Sources */ = {isa = PBXBuildFile; fileRef = 3A29DE492C30722200731889 /* GameScene.swift */; };
		3A29DE4C2C30722200731889 /* GameViewController.swift in Sources */ = {isa = PBXBuildFile; fileRef = 3A29DE4B2C30722200731889 /* GameViewController.swift */; };
		3A29DE4F2C30722200731889 /* Base in Resources */ = {isa = PBXBuildFile; fileRef = 3A29DE4E2C30722200731889 /* Base */; };
		3A29DE512C30722400731889 /* Assets.xcassets in Resources */ = {isa = PBXBuildFile; fileRef = 3A29DE502C30722400731889 /* Assets.xcassets */; };
		3A29DE542C30722400731889 /* Base in Resources */ = {isa = PBXBuildFile; fileRef = 3A29DE532C30722400731889 /* Base */; };
		3A29DE5B2C30728E00731889 /* GameOver.swift in Sources */ = {isa = PBXBuildFile; fileRef = 3A29DE5A2C30728E00731889 /* GameOver.swift */; };
		3A29DE5D2C3072B900731889 /* StartScene.swift in Sources */ = {isa = PBXBuildFile; fileRef = 3A29DE5C2C3072B900731889 /* StartScene.swift */; };
		3A29DE5F2C39324A00731889 /* Audio.swift in Sources */ = {isa = PBXBuildFile; fileRef = 3A29DE5E2C39324A00731889 /* Audio.swift */; };
		3A29DE612C39356E00731889 /* peppa_background.mp3 in Resources */ = {isa = PBXBuildFile; fileRef = 3A29DE602C39356E00731889 /* peppa_background.mp3 */; };
/* End PBXBuildFile section */

/* Begin PBXFileReference section */
		3A29DE402C30722200731889 /* Peppa bird2.app */ = {isa = PBXFileReference; explicitFileType = wrapper.application; includeInIndex = 0; path = "Peppa bird2.app"; sourceTree = BUILT_PRODUCTS_DIR; };
		3A29DE432C30722200731889 /* AppDelegate.swift */ = {isa = PBXFileReference; lastKnownFileType = sourcecode.swift; path = AppDelegate.swift; sourceTree = "<group>"; };
		3A29DE452C30722200731889 /* GameScene.sks */ = {isa = PBXFileReference; lastKnownFileType = file.sks; path = GameScene.sks; sourceTree = "<group>"; };
		3A29DE472C30722200731889 /* Actions.sks */ = {isa = PBXFileReference; lastKnownFileType = file.sks; path = Actions.sks; sourceTree = "<group>"; };
		3A29DE492C30722200731889 /* GameScene.swift */ = {isa = PBXFileReference; lastKnownFileType = sourcecode.swift; path = GameScene.swift; sourceTree = "<group>"; };
		3A29DE4B2C30722200731889 /* GameViewController.swift */ = {isa = PBXFileReference; lastKnownFileType = sourcecode.swift; path = GameViewController.swift; sourceTree = "<group>"; };
		3A29DE4E2C30722200731889 /* Base */ = {isa = PBXFileReference; lastKnownFileType = file.storyboard; name = Base; path = Base.lproj/Main.storyboard; sourceTree = "<group>"; };
		3A29DE502C30722400731889 /* Assets.xcassets */ = {isa = PBXFileReference; lastKnownFileType = folder.assetcatalog; path = Assets.xcassets; sourceTree = "<group>"; };
		3A29DE532C30722400731889 /* Base */ = {isa = PBXFileReference; lastKnownFileType = file.storyboard; name = Base; path = Base.lproj/LaunchScreen.storyboard; sourceTree = "<group>"; };
		3A29DE5A2C30728E00731889 /* GameOver.swift */ = {isa = PBXFileReference; lastKnownFileType = sourcecode.swift; path = GameOver.swift; sourceTree = "<group>"; };
		3A29DE5C2C3072B900731889 /* StartScene.swift */ = {isa = PBXFileReference; lastKnownFileType = sourcecode.swift; path = StartScene.swift; sourceTree = "<group>"; };
		3A29DE5E2C39324A00731889 /* Audio.swift */ = {isa = PBXFileReference; lastKnownFileType = sourcecode.swift; path = Audio.swift; sourceTree = "<group>"; };
		3A29DE602C39356E00731889 /* peppa_background.mp3 */ = {isa = PBXFileReference; lastKnownFileType = audio.mp3; path = peppa_background.mp3; sourceTree = "<group>"; };
/* End PBXFileReference section */

/* Begin PBXFrameworksBuildPhase section */
		3A29DE3D2C30722200731889 /* Frameworks */ = {
			isa = PBXFrameworksBuildPhase;
			buildActionMask = 2147483647;
			files = (
			);
			runOnlyForDeploymentPostprocessing = 0;
		};
/* End PBXFrameworksBuildPhase section */

/* Begin PBXGroup section */
		3A29DE372C30722200731889 = {
			isa = PBXGroup;
			children = (
				3A29DE422C30722200731889 /* Peppa bird2 */,
				3A29DE412C30722200731889 /* Products */,
			);
			sourceTree = "<group>";
		};
		3A29DE412C30722200731889 /* Products */ = {
			isa = PBXGroup;
			children = (
				3A29DE402C30722200731889 /* Peppa bird2.app */,
			);
			name = Products;
			sourceTree = "<group>";
		};
		3A29DE422C30722200731889 /* Peppa bird2 */ = {
			isa = PBXGroup;
			children = (
				3A29DE602C39356E00731889 /* peppa_background.mp3 */,
				3A29DE432C30722200731889 /* AppDelegate.swift */,
				3A29DE5A2C30728E00731889 /* GameOver.swift */,
				3A29DE5C2C3072B900731889 /* StartScene.swift */,
				3A29DE452C30722200731889 /* GameScene.sks */,
				3A29DE472C30722200731889 /* Actions.sks */,
				3A29DE492C30722200731889 /* GameScene.swift */,
				3A29DE5E2C39324A00731889 /* Audio.swift */,
				3A29DE4B2C30722200731889 /* GameViewController.swift */,
				3A29DE4D2C30722200731889 /* Main.storyboard */,
				3A29DE502C30722400731889 /* Assets.xcassets */,
				3A29DE522C30722400731889 /* LaunchScreen.storyboard */,
			);
			path = "Peppa bird2";
			sourceTree = "<group>";
		};
/* End PBXGroup section */

/* Begin PBXNativeTarget section */
		3A29DE3F2C30722200731889 /* Peppa bird2 */ = {
			isa = PBXNativeTarget;
			buildConfigurationList = 3A29DE572C30722400731889 /* Build configuration list for PBXNativeTarget "Peppa bird2" */;
			buildPhases = (
				3A29DE3C2C30722200731889 /* Sources */,
				3A29DE3D2C30722200731889 /* Frameworks */,
				3A29DE3E2C30722200731889 /* Resources */,
			);
			buildRules = (
			);
			dependencies = (
			);
			name = "Peppa bird2";
			productName = "Peppa bird2";
			productReference = 3A29DE402C30722200731889 /* Peppa bird2.app */;
			productType = "com.apple.product-type.application";
		};
/* End PBXNativeTarget section */

/* Begin PBXProject section */
		3A29DE382C30722200731889 /* Project object */ = {
			isa = PBXProject;
			attributes = {
				BuildIndependentTargetsInParallel = 1;
				LastSwiftUpdateCheck = 1540;
				LastUpgradeCheck = 1540;
				TargetAttributes = {
					3A29DE3F2C30722200731889 = {
						CreatedOnToolsVersion = 15.4;
					};
				};
			};
			buildConfigurationList = 3A29DE3B2C30722200731889 /* Build configuration list for PBXProject "Peppa bird2" */;
			compatibilityVersion = "Xcode 14.0";
			developmentRegion = en;
			hasScannedForEncodings = 0;
			knownRegions = (
				en,
				Base,
			);
			mainGroup = 3A29DE372C30722200731889;
			productRefGroup = 3A29DE412C30722200731889 /* Products */;
			projectDirPath = "";
			projectRoot = "";
			targets = (
				3A29DE3F2C30722200731889 /* Peppa bird2 */,
			);
		};
/* End PBXProject section */

/* Begin PBXResourcesBuildPhase section */
		3A29DE3E2C30722200731889 /* Resources */ = {
			isa = PBXResourcesBuildPhase;
			buildActionMask = 2147483647;
			files = (
				3A29DE462C30722200731889 /* GameScene.sks in Resources */,
				3A29DE4F2C30722200731889 /* Base in Resources */,
				3A29DE512C30722400731889 /* Assets.xcassets in Resources */,
				3A29DE612C39356E00731889 /* peppa_background.mp3 in Resources */,
				3A29DE482C30722200731889 /* Actions.sks in Resources */,
				3A29DE542C30722400731889 /* Base in Resources */,
			);
			runOnlyForDeploymentPostprocessing = 0;
		};
/* End PBXResourcesBuildPhase section */

/* Begin PBXSourcesBuildPhase section */
		3A29DE3C2C30722200731889 /* Sources */ = {
			isa = PBXSourcesBuildPhase;
			buildActionMask = 2147483647;
			files = (
				3A29DE4A2C30722200731889 /* GameScene.swift in Sources */,
				3A29DE5F2C39324A00731889 /* Audio.swift in Sources */,
				3A29DE4C2C30722200731889 /* GameViewController.swift in Sources */,
				3A29DE442C30722200731889 /* AppDelegate.swift in Sources */,
				3A29DE5D2C3072B900731889 /* StartScene.swift in Sources */,
				3A29DE5B2C30728E00731889 /* GameOver.swift in Sources */,
			);
			runOnlyForDeploymentPostprocessing = 0;
		};
/* End PBXSourcesBuildPhase section */

/* Begin PBXVariantGroup section */
		3A29DE4D2C30722200731889 /* Main.storyboard */ = {
			isa = PBXVariantGroup;
			children = (
				3A29DE4E2C30722200731889 /* Base */,
			);
			name = Main.storyboard;
			sourceTree = "<group>";
		};
		3A29DE522C30722400731889 /* LaunchScreen.storyboard */ = {
			isa = PBXVariantGroup;
			children = (
				3A29DE532C30722400731889 /* Base */,
			);
			name = LaunchScreen.storyboard;
			sourceTree = "<group>";
		};
/* End PBXVariantGroup section */

/* Begin XCBuildConfiguration section */
		3A29DE552C30722400731889 /* Debug */ = {
			isa = XCBuildConfiguration;
			buildSettings = {
				ALWAYS_SEARCH_USER_PATHS = NO;
				ASSETCATALOG_COMPILER_GENERATE_SWIFT_ASSET_SYMBOL_EXTENSIONS = YES;
				CLANG_ANALYZER_NONNULL = YES;
				CLANG_ANALYZER_NUMBER_OBJECT_CONVERSION = YES_AGGRESSIVE;
				CLANG_CXX_LANGUAGE_STANDARD = "gnu++20";
				CLANG_ENABLE_MODULES = YES;
				CLANG_ENABLE_OBJC_ARC = YES;
				CLANG_ENABLE_OBJC_WEAK = YES;
				CLANG_WARN_BLOCK_CAPTURE_AUTORELEASING = YES;
				CLANG_WARN_BOOL_CONVERSION = YES;
				CLANG_WARN_COMMA = YES;
				CLANG_WARN_CONSTANT_CONVERSION = YES;
				CLANG_WARN_DEPRECATED_OBJC_IMPLEMENTATIONS = YES;
				CLANG_WARN_DIRECT_OBJC_ISA_USAGE = YES_ERROR;
				CLANG_WARN_DOCUMENTATION_COMMENTS = YES;
				CLANG_WARN_EMPTY_BODY = YES;
				CLANG_WARN_ENUM_CONVERSION = YES;
				CLANG_WARN_INFINITE_RECURSION = YES;
				CLANG_WARN_INT_CONVERSION = YES;
				CLANG_WARN_NON_LITERAL_NULL_CONVERSION = YES;
				CLANG_WARN_OBJC_IMPLICIT_RETAIN_SELF = YES;
				CLANG_WARN_OBJC_LITERAL_CONVERSION = YES;
				CLANG_WARN_OBJC_ROOT_CLASS = YES_ERROR;
				CLANG_WARN_QUOTED_INCLUDE_IN_FRAMEWORK_HEADER = YES;
				CLANG_WARN_RANGE_LOOP_ANALYSIS = YES;
				CLANG_WARN_STRICT_PROTOTYPES = YES;
				CLANG_WARN_SUSPICIOUS_MOVE = YES;
				CLANG_WARN_UNGUARDED_AVAILABILITY = YES_AGGRESSIVE;
				CLANG_WARN_UNREACHABLE_CODE = YES;
				CLANG_WARN__DUPLICATE_METHOD_MATCH = YES;
				COPY_PHASE_STRIP = NO;
				DEBUG_INFORMATION_FORMAT = dwarf;
				ENABLE_STRICT_OBJC_MSGSEND = YES;
				ENABLE_TESTABILITY = YES;
				ENABLE_USER_SCRIPT_SANDBOXING = YES;
				GCC_C_LANGUAGE_STANDARD = gnu17;
				GCC_DYNAMIC_NO_PIC = NO;
				GCC_NO_COMMON_BLOCKS = YES;
				GCC_OPTIMIZATION_LEVEL = 0;
				GCC_PREPROCESSOR_DEFINITIONS = (
					"DEBUG=1",
					"$(inherited)",
				);
				GCC_WARN_64_TO_32_BIT_CONVERSION = YES;
				GCC_WARN_ABOUT_RETURN_TYPE = YES_ERROR;
				GCC_WARN_UNDECLARED_SELECTOR = YES;
				GCC_WARN_UNINITIALIZED_AUTOS = YES_AGGRESSIVE;
				GCC_WARN_UNUSED_FUNCTION = YES;
				GCC_WARN_UNUSED_VARIABLE = YES;
				IPHONEOS_DEPLOYMENT_TARGET = 17.5;
				LOCALIZATION_PREFERS_STRING_CATALOGS = YES;
				MTL_ENABLE_DEBUG_INFO = INCLUDE_SOURCE;
				MTL_FAST_MATH = YES;
				ONLY_ACTIVE_ARCH = YES;
				SDKROOT = iphoneos;
				SWIFT_ACTIVE_COMPILATION_CONDITIONS = "DEBUG $(inherited)";
				SWIFT_OPTIMIZATION_LEVEL = "-Onone";
			};
			name = Debug;
		};
		3A29DE562C30722400731889 /* Release */ = {
			isa = XCBuildConfiguration;
			buildSettings = {
				ALWAYS_SEARCH_USER_PATHS = NO;
				ASSETCATALOG_COMPILER_GENERATE_SWIFT_ASSET_SYMBOL_EXTENSIONS = YES;
				CLANG_ANALYZER_NONNULL = YES;
				CLANG_ANALYZER_NUMBER_OBJECT_CONVERSION = YES_AGGRESSIVE;
				CLANG_CXX_LANGUAGE_STANDARD = "gnu++20";
				CLANG_ENABLE_MODULES = YES;
				CLANG_ENABLE_OBJC_ARC = YES;
				CLANG_ENABLE_OBJC_WEAK = YES;
				CLANG_WARN_BLOCK_CAPTURE_AUTORELEASING = YES;
				CLANG_WARN_BOOL_CONVERSION = YES;
				CLANG_WARN_COMMA = YES;
				CLANG_WARN_CONSTANT_CONVERSION = YES;
				CLANG_WARN_DEPRECATED_OBJC_IMPLEMENTATIONS = YES;
				CLANG_WARN_DIRECT_OBJC_ISA_USAGE = YES_ERROR;
				CLANG_WARN_DOCUMENTATION_COMMENTS = YES;
				CLANG_WARN_EMPTY_BODY = YES;
				CLANG_WARN_ENUM_CONVERSION = YES;
				CLANG_WARN_INFINITE_RECURSION = YES;
				CLANG_WARN_INT_CONVERSION = YES;
				CLANG_WARN_NON_LITERAL_NULL_CONVERSION = YES;
				CLANG_WARN_OBJC_IMPLICIT_RETAIN_SELF = YES;
				CLANG_WARN_OBJC_LITERAL_CONVERSION = YES;
				CLANG_WARN_OBJC_ROOT_CLASS = YES_ERROR;
				CLANG_WARN_QUOTED_INCLUDE_IN_FRAMEWORK_HEADER = YES;
				CLANG_WARN_RANGE_LOOP_ANALYSIS = YES;
				CLANG_WARN_STRICT_PROTOTYPES = YES;
				CLANG_WARN_SUSPICIOUS_MOVE = YES;
				CLANG_WARN_UNGUARDED_AVAILABILITY = YES_AGGRESSIVE;
				CLANG_WARN_UNREACHABLE_CODE = YES;
				CLANG_WARN__DUPLICATE_METHOD_MATCH = YES;
				COPY_PHASE_STRIP = NO;
				DEBUG_INFORMATION_FORMAT = "dwarf-with-dsym";
				ENABLE_NS_ASSERTIONS = NO;
				ENABLE_STRICT_OBJC_MSGSEND = YES;
				ENABLE_USER_SCRIPT_SANDBOXING = YES;
				GCC_C_LANGUAGE_STANDARD = gnu17;
				GCC_NO_COMMON_BLOCKS = YES;
				GCC_WARN_64_TO_32_BIT_CONVERSION = YES;
				GCC_WARN_ABOUT_RETURN_TYPE = YES_ERROR;
				GCC_WARN_UNDECLARED_SELECTOR = YES;
				GCC_WARN_UNINITIALIZED_AUTOS = YES_AGGRESSIVE;
				GCC_WARN_UNUSED_FUNCTION = YES;
				GCC_WARN_UNUSED_VARIABLE = YES;
				IPHONEOS_DEPLOYMENT_TARGET = 17.5;
				LOCALIZATION_PREFERS_STRING_CATALOGS = YES;
				MTL_ENABLE_DEBUG_INFO = NO;
				MTL_FAST_MATH = YES;
				SDKROOT = iphoneos;
				SWIFT_COMPILATION_MODE = wholemodule;
				VALIDATE_PRODUCT = YES;
			};
			name = Release;
		};
		3A29DE582C30722400731889 /* Debug */ = {
			isa = XCBuildConfiguration;
			buildSettings = {
				ASSETCATALOG_COMPILER_APPICON_NAME = AppIcon;
				ASSETCATALOG_COMPILER_GLOBAL_ACCENT_COLOR_NAME = AccentColor;
				CODE_SIGN_STYLE = Automatic;
				CURRENT_PROJECT_VERSION = 1;
				DEVELOPMENT_TEAM = D9HLJU9J26;
				GENERATE_INFOPLIST_FILE = YES;
				INFOPLIST_KEY_UIApplicationSupportsIndirectInputEvents = YES;
				INFOPLIST_KEY_UILaunchStoryboardName = LaunchScreen;
				INFOPLIST_KEY_UIMainStoryboardFile = Main;
				INFOPLIST_KEY_UIStatusBarHidden = YES;
				INFOPLIST_KEY_UISupportedInterfaceOrientations = UIInterfaceOrientationPortrait;
				LD_RUNPATH_SEARCH_PATHS = (
					"$(inherited)",
					"@executable_path/Frameworks",
				);
				MARKETING_VERSION = 1.0;
				PRODUCT_BUNDLE_IDENTIFIER = "com.Jordbru.Peppa-bird.Peppa-bird2";
				PRODUCT_NAME = "$(TARGET_NAME)";
				SWIFT_EMIT_LOC_STRINGS = YES;
				SWIFT_VERSION = 5.0;
				TARGETED_DEVICE_FAMILY = "1,2";
			};
			name = Debug;
		};
		3A29DE592C30722400731889 /* Release */ = {
			isa = XCBuildConfiguration;
			buildSettings = {
				ASSETCATALOG_COMPILER_APPICON_NAME = AppIcon;
				ASSETCATALOG_COMPILER_GLOBAL_ACCENT_COLOR_NAME = AccentColor;
				CODE_SIGN_STYLE = Automatic;
				CURRENT_PROJECT_VERSION = 1;
				DEVELOPMENT_TEAM = D9HLJU9J26;
				GENERATE_INFOPLIST_FILE = YES;
				INFOPLIST_KEY_UIApplicationSupportsIndirectInputEvents = YES;
				INFOPLIST_KEY_UILaunchStoryboardName = LaunchScreen;
				INFOPLIST_KEY_UIMainStoryboardFile = Main;
				INFOPLIST_KEY_UIStatusBarHidden = YES;
				INFOPLIST_KEY_UISupportedInterfaceOrientations = UIInterfaceOrientationPortrait;
				LD_RUNPATH_SEARCH_PATHS = (
					"$(inherited)",
					"@executable_path/Frameworks",
				);
				MARKETING_VERSION = 1.0;
				PRODUCT_BUNDLE_IDENTIFIER = "com.Jordbru.Peppa-bird.Peppa-bird2";
				PRODUCT_NAME = "$(TARGET_NAME)";
				SWIFT_EMIT_LOC_STRINGS = YES;
				SWIFT_VERSION = 5.0;
				TARGETED_DEVICE_FAMILY = "1,2";
			};
			name = Release;
		};
/* End XCBuildConfiguration section */

/* Begin XCConfigurationList section */
		3A29DE3B2C30722200731889 /* Build configuration list for PBXProject "Peppa bird2" */ = {
			isa = XCConfigurationList;
			buildConfigurations = (
				3A29DE552C30722400731889 /* Debug */,
				3A29DE562C30722400731889 /* Release */,
			);
			defaultConfigurationIsVisible = 0;
			defaultConfigurationName = Release;
		};
		3A29DE572C30722400731889 /* Build configuration list for PBXNativeTarget "Peppa bird2" */ = {
			isa = XCConfigurationList;
			buildConfigurations = (
				3A29DE582C30722400731889 /* Debug */,
				3A29DE592C30722400731889 /* Release */,
			);
			defaultConfigurationIsVisible = 0;
			defaultConfigurationName = Release;
		};
/* End XCConfigurationList section */
	};
	rootObject = 3A29DE382C30722200731889 /* Project object */;
}
